
Microsoft Visual Studio Solution File, Format Version 12.00
# Visual Studio Version 16
VisualStudioVersion = 16.0.30621.155
MinimumVisualStudioVersion = 10.0.40219.1
Project("{FAE04EC0-301F-11D3-BF4B-00C04F79EFBC}") = "BrowserHistoryRead", "BrowserHistoryRead\BrowserHistoryRead.csproj", "{D2C0C0A1-2779-492A-8670-8B4E1727B5CA}"
EndProject
Global
	GlobalSection(SolutionConfigurationPlatforms) = preSolution
		Debug|Any CPU = Debug|Any CPU
		Release|Any CPU = Release|Any CPU
	EndGlobalSection
	GlobalSection(ProjectConfigurationPlatforms) = postSolution
		{D2C0C0A1-2779-492A-8670-8B4E1727B5CA}.Debug|Any CPU.ActiveCfg = Debug|Any CPU
		{D2C0C0A1-2779-492A-8670-8B4E1727B5CA}.Debug|Any CPU.Build.0 = Debug|Any CPU
		{D2C0C0A1-2779-492A-8670-8B4E1727B5CA}.Release|Any CPU.ActiveCfg = Release|Any CPU
		{D2C0C0A1-2779-492A-8670-8B4E1727B5CA}.Release|Any CPU.Build.0 = Release|Any CPU
	EndGlobalSection
	GlobalSection(SolutionProperties) = preSolution
		HideSolutionNode = FALSE
	EndGlobalSection
	GlobalSection(ExtensibilityGlobals) = postSolution
		SolutionGuid = {EB9614D1-34E2-4FDC-8763-0D3EB45A70DF}
	EndGlobalSection
EndGlobal
